
Microsoft Visual Studio Solution File, Format Version 10.00
# Visual Studio 2008
Project("{54435603-DBB4-11D2-8724-00A0C9A8B90C}") = "FBIE-MSI", "FBIE-MSI\FBIE-MSI.vdproj", "{E786B4BB-03FD-4BC0-9A1E-792AD2EF82DE}"
EndProject
Global
	GlobalSection(SolutionConfigurationPlatforms) = preSolution
		Debug|Default = Debug|Default
		Release|Default = Release|Default
	EndGlobalSection
	GlobalSection(ProjectConfigurationPlatforms) = postSolution
		{E786B4BB-03FD-4BC0-9A1E-792AD2EF82DE}.Debug|Default.ActiveCfg = Debug
		{E786B4BB-03FD-4BC0-9A1E-792AD2EF82DE}.Debug|Default.Build.0 = Debug
		{E786B4BB-03FD-4BC0-9A1E-792AD2EF82DE}.Release|Default.ActiveCfg = Release
		{E786B4BB-03FD-4BC0-9A1E-792AD2EF82DE}.Release|Default.Build.0 = Release
	EndGlobalSection
	GlobalSection(SolutionProperties) = preSolution
		HideSolutionNode = FALSE
	EndGlobalSection
EndGlobal
